// !$*UTF8*$!
{
	archiveVersion = 1;
	classes = {
	};
	objectVersion = 46;
	objects = {

/* Begin PBXBuildFile section */
		3D1561491CE8A702002789C3 /* SecondViewController.swift in Sources */ = {isa = PBXBuildFile; fileRef = 3D1561481CE8A702002789C3 /* SecondViewController.swift */; };
		3D15614B1CE8A7C3002789C3 /* DetailViewController.swift in Sources */ = {isa = PBXBuildFile; fileRef = 3D15614A1CE8A7C3002789C3 /* DetailViewController.swift */; };
		3DCB99891CE87F89004216B6 /* AppDelegate.swift in Sources */ = {isa = PBXBuildFile; fileRef = 3DCB99881CE87F89004216B6 /* AppDelegate.swift */; };
		3DCB998B1CE87F89004216B6 /* ViewController.swift in Sources */ = {isa = PBXBuildFile; fileRef = 3DCB998A1CE87F89004216B6 /* ViewController.swift */; };
		3DCB998E1CE87F89004216B6 /* Main.storyboard in Resources */ = {isa = PBXBuildFile; fileRef = 3DCB998C1CE87F89004216B6 /* Main.storyboard */; };
		3DCB99901CE87F89004216B6 /* Assets.xcassets in Resources */ = {isa = PBXBuildFile; fileRef = 3DCB998F1CE87F89004216B6 /* Assets.xcassets */; };
		3DCB99931CE87F89004216B6 /* LaunchScreen.storyboard in Resources */ = {isa = PBXBuildFile; fileRef = 3DCB99911CE87F89004216B6 /* LaunchScreen.storyboard */; };
		3DCB999E1CE87F89004216B6 /* NavigationDemoTests.swift in Sources */ = {isa = PBXBuildFile; fileRef = 3DCB999D1CE87F89004216B6 /* NavigationDemoTests.swift */; };
		3DCB99A91CE87F89004216B6 /* NavigationDemoUITests.swift in Sources */ = {isa = PBXBuildFile; fileRef = 3DCB99A81CE87F89004216B6 /* NavigationDemoUITests.swift */; };
/* End PBXBuildFile section */

/* Begin PBXContainerItemProxy section */
		3DCB999A1CE87F89004216B6 /* PBXContainerItemProxy */ = {
			isa = PBXContainerItemProxy;
			containerPortal = 3DCB997D1CE87F89004216B6 /* Project object */;
			proxyType = 1;
			remoteGlobalIDString = 3DCB99841CE87F89004216B6;
			remoteInfo = NavigationDemo;
		};
		3DCB99A51CE87F89004216B6 /* PBXContainerItemProxy */ = {
			isa = PBXContainerItemProxy;
			containerPortal = 3DCB997D1CE87F89004216B6 /* Project object */;
			proxyType = 1;
			remoteGlobalIDString = 3DCB99841CE87F89004216B6;
			remoteInfo = NavigationDemo;
		};
/* End PBXContainerItemProxy section */

/* Begin PBXFileReference section */
		3D1561481CE8A702002789C3 /* SecondViewController.swift */ = {isa = PBXFileReference; fileEncoding = 4; lastKnownFileType = sourcecode.swift; path = SecondViewController.swift; sourceTree = "<group>"; };
		3D15614A1CE8A7C3002789C3 /* DetailViewController.swift */ = {isa = PBXFileReference; fileEncoding = 4; lastKnownFileType = sourcecode.swift; path = DetailViewController.swift; sourceTree = "<group>"; };
		3DCB99851CE87F89004216B6 /* NavigationDemo.app */ = {isa = PBXFileReference; explicitFileType = wrapper.application; includeInIndex = 0; path = NavigationDemo.app; sourceTree = BUILT_PRODUCTS_DIR; };
		3DCB99881CE87F89004216B6 /* AppDelegate.swift */ = {isa = PBXFileReference; lastKnownFileType = sourcecode.swift; path = AppDelegate.swift; sourceTree = "<group>"; };
		3DCB998A1CE87F89004216B6 /* ViewController.swift */ = {isa = PBXFileReference; lastKnownFileType = sourcecode.swift; path = ViewController.swift; sourceTree = "<group>"; };
		3DCB998D1CE87F89004216B6 /* Base */ = {isa = PBXFileReference; lastKnownFileType = file.storyboard; name = Base; path = Base.lproj/Main.storyboard; sourceTree = "<group>"; };
		3DCB998F1CE87F89004216B6 /* Assets.xcassets */ = {isa = PBXFileReference; lastKnownFileType = folder.assetcatalog; path = Assets.xcassets; sourceTree = "<group>"; };
		3DCB99921CE87F89004216B6 /* Base */ = {isa = PBXFileReference; lastKnownFileType = file.storyboard; name = Base; path = Base.lproj/LaunchScreen.storyboard; sourceTree = "<group>"; };
		3DCB99941CE87F89004216B6 /* Info.plist */ = {isa = PBXFileReference; lastKnownFileType = text.plist.xml; path = Info.plist; sourceTree = "<group>"; };
		3DCB99991CE87F89004216B6 /* NavigationDemoTests.xctest */ = {isa = PBXFileReference; explicitFileType = wrapper.cfbundle; includeInIndex = 0; path = NavigationDemoTests.xctest; sourceTree = BUILT_PRODUCTS_DIR; };
		3DCB999D1CE87F89004216B6 /* NavigationDemoTests.swift */ = {isa = PBXFileReference; lastKnownFileType = sourcecode.swift; path = NavigationDemoTests.swift; sourceTree = "<group>"; };
		3DCB999F1CE87F89004216B6 /* Info.plist */ = {isa = PBXFileReference; lastKnownFileType = text.plist.xml; path = Info.plist; sourceTree = "<group>"; };
		3DCB99A41CE87F89004216B6 /* NavigationDemoUITests.xctest */ = {isa = PBXFileReference; explicitFileType = wrapper.cfbundle; includeInIndex = 0; path = NavigationDemoUITests.xctest; sourceTree = BUILT_PRODUCTS_DIR; };
		3DCB99A81CE87F89004216B6 /* NavigationDemoUITests.swift */ = {isa = PBXFileReference; lastKnownFileType = sourcecode.swift; path = NavigationDemoUITests.swift; sourceTree = "<group>"; };
		3DCB99AA1CE87F89004216B6 /* Info.plist */ = {isa = PBXFileReference; lastKnownFileType = text.plist.xml; path = Info.plist; sourceTree = "<group>"; };
/* End PBXFileReference section */

/* Begin PBXFrameworksBuildPhase section */
		3DCB99821CE87F89004216B6 /* Frameworks */ = {
			isa = PBXFrameworksBuildPhase;
			buildActionMask = 2147483647;
			files = (
			);
			runOnlyForDeploymentPostprocessing = 0;
		};
		3DCB99961CE87F89004216B6 /* Frameworks */ = {
			isa = PBXFrameworksBuildPhase;
			buildActionMask = 2147483647;
			files = (
			);
			runOnlyForDeploymentPostprocessing = 0;
		};
		3DCB99A11CE87F89004216B6 /* Frameworks */ = {
			isa = PBXFrameworksBuildPhase;
			buildActionMask = 2147483647;
			files = (
			);
			runOnlyForDeploymentPostprocessing = 0;
		};
/* End PBXFrameworksBuildPhase section */

/* Begin PBXGroup section */
		3DCB997C1CE87F89004216B6 = {
			isa = PBXGroup;
			children = (
				3DCB99871CE87F89004216B6 /* NavigationDemo */,
				3DCB999C1CE87F89004216B6 /* NavigationDemoTests */,
				3DCB99A71CE87F89004216B6 /* NavigationDemoUITests */,
				3DCB99861CE87F89004216B6 /* Products */,
			);
			sourceTree = "<group>";
		};
		3DCB99861CE87F89004216B6 /* Products */ = {
			isa = PBXGroup;
			children = (
				3DCB99851CE87F89004216B6 /* NavigationDemo.app */,
				3DCB99991CE87F89004216B6 /* NavigationDemoTests.xctest */,
				3DCB99A41CE87F89004216B6 /* NavigationDemoUITests.xctest */,
			);
			name = Products;
			sourceTree = "<group>";
		};
		3DCB99871CE87F89004216B6 /* NavigationDemo */ = {
			isa = PBXGroup;
			children = (
				3DCB99881CE87F89004216B6 /* AppDelegate.swift */,
				3DCB998A1CE87F89004216B6 /* ViewController.swift */,
				3DCB998C1CE87F89004216B6 /* Main.storyboard */,
				3D15614A1CE8A7C3002789C3 /* DetailViewController.swift */,
				3D1561481CE8A702002789C3 /* SecondViewController.swift */,
				3DCB998F1CE87F89004216B6 /* Assets.xcassets */,
				3DCB99911CE87F89004216B6 /* LaunchScreen.storyboard */,
				3DCB99941CE87F89004216B6 /* Info.plist */,
			);
			path = NavigationDemo;
			sourceTree = "<group>";
		};
		3DCB999C1CE87F89004216B6 /* NavigationDemoTests */ = {
			isa = PBXGroup;
			children = (
				3DCB999D1CE87F89004216B6 /* NavigationDemoTests.swift */,
				3DCB999F1CE87F89004216B6 /* Info.plist */,
			);
			path = NavigationDemoTests;
			sourceTree = "<group>";
		};
		3DCB99A71CE87F89004216B6 /* NavigationDemoUITests */ = {
			isa = PBXGroup;
			children = (
				3DCB99A81CE87F89004216B6 /* NavigationDemoUITests.swift */,
				3DCB99AA1CE87F89004216B6 /* Info.plist */,
			);
			path = NavigationDemoUITests;
			sourceTree = "<group>";
		};
/* End PBXGroup section */

/* Begin PBXNativeTarget section */
		3DCB99841CE87F89004216B6 /* NavigationDemo */ = {
			isa = PBXNativeTarget;
			buildConfigurationList = 3DCB99AD1CE87F89004216B6 /* Build configuration list for PBXNativeTarget "NavigationDemo" */;
			buildPhases = (
				3DCB99811CE87F89004216B6 /* Sources */,
				3DCB99821CE87F89004216B6 /* Frameworks */,
				3DCB99831CE87F89004216B6 /* Resources */,
			);
			buildRules = (
			);
			dependencies = (
			);
			name = NavigationDemo;
			productName = NavigationDemo;
			productReference = 3DCB99851CE87F89004216B6 /* NavigationDemo.app */;
			productType = "com.apple.product-type.application";
		};
		3DCB99981CE87F89004216B6 /* NavigationDemoTests */ = {
			isa = PBXNativeTarget;
			buildConfigurationList = 3DCB99B01CE87F89004216B6 /* Build configuration list for PBXNativeTarget "NavigationDemoTests" */;
			buildPhases = (
				3DCB99951CE87F89004216B6 /* Sources */,
				3DCB99961CE87F89004216B6 /* Frameworks */,
				3DCB99971CE87F89004216B6 /* Resources */,
			);
			buildRules = (
			);
			dependencies = (
				3DCB999B1CE87F89004216B6 /* PBXTargetDependency */,
			);
			name = NavigationDemoTests;
			productName = NavigationDemoTests;
			productReference = 3DCB99991CE87F89004216B6 /* NavigationDemoTests.xctest */;
			productType = "com.apple.product-type.bundle.unit-test";
		};
		3DCB99A31CE87F89004216B6 /* NavigationDemoUITests */ = {
			isa = PBXNativeTarget;
			buildConfigurationList = 3DCB99B31CE87F89004216B6 /* Build configuration list for PBXNativeTarget "NavigationDemoUITests" */;
			buildPhases = (
				3DCB99A01CE87F89004216B6 /* Sources */,
				3DCB99A11CE87F89004216B6 /* Frameworks */,
				3DCB99A21CE87F89004216B6 /* Resources */,
			);
			buildRules = (
			);
			dependencies = (
				3DCB99A61CE87F89004216B6 /* PBXTargetDependency */,
			);
			name = NavigationDemoUITests;
			productName = NavigationDemoUITests;
			productReference = 3DCB99A41CE87F89004216B6 /* NavigationDemoUITests.xctest */;
			productType = "com.apple.product-type.bundle.ui-testing";
		};
/* End PBXNativeTarget section */

/* Begin PBXProject section */
		3DCB997D1CE87F89004216B6 /* Project object */ = {
			isa = PBXProject;
			attributes = {
				LastSwiftUpdateCheck = 0730;
				LastUpgradeCheck = 0730;
				ORGANIZATIONNAME = "Myoung-Wan Koo";
				TargetAttributes = {
					3DCB99841CE87F89004216B6 = {
						CreatedOnToolsVersion = 7.3.1;
					};
					3DCB99981CE87F89004216B6 = {
						CreatedOnToolsVersion = 7.3.1;
						TestTargetID = 3DCB99841CE87F89004216B6;
					};
					3DCB99A31CE87F89004216B6 = {
						CreatedOnToolsVersion = 7.3.1;
						TestTargetID = 3DCB99841CE87F89004216B6;
					};
				};
			};
			buildConfigurationList = 3DCB99801CE87F89004216B6 /* Build configuration list for PBXProject "NavigationDemo" */;
			compatibilityVersion = "Xcode 3.2";
			developmentRegion = English;
			hasScannedForEncodings = 0;
			knownRegions = (
				en,
				Base,
			);
			mainGroup = 3DCB997C1CE87F89004216B6;
			productRefGroup = 3DCB99861CE87F89004216B6 /* Products */;
			projectDirPath = "";
			projectRoot = "";
			targets = (
				3DCB99841CE87F89004216B6 /* NavigationDemo */,
				3DCB99981CE87F89004216B6 /* NavigationDemoTests */,
				3DCB99A31CE87F89004216B6 /* NavigationDemoUITests */,
			);
		};
/* End PBXProject section */

/* Begin PBXResourcesBuildPhase section */
		3DCB99831CE87F89004216B6 /* Resources */ = {
			isa = PBXResourcesBuildPhase;
			buildActionMask = 2147483647;
			files = (
				3DCB99931CE87F89004216B6 /* LaunchScreen.storyboard in Resources */,
				3DCB99901CE87F89004216B6 /* Assets.xcassets in Resources */,
				3DCB998E1CE87F89004216B6 /* Main.storyboard in Resources */,
			);
			runOnlyForDeploymentPostprocessing = 0;
		};
		3DCB99971CE87F89004216B6 /* Resources */ = {
			isa = PBXResourcesBuildPhase;
			buildActionMask = 2147483647;
			files = (
			);
			runOnlyForDeploymentPostprocessing = 0;
		};
		3DCB99A21CE87F89004216B6 /* Resources */ = {
			isa = PBXResourcesBuildPhase;
			buildActionMask = 2147483647;
			files = (
			);
			runOnlyForDeploymentPostprocessing = 0;
		};
/* End PBXResourcesBuildPhase section */

/* Begin PBXSourcesBuildPhase section */
		3DCB99811CE87F89004216B6 /* Sources */ = {
			isa = PBXSourcesBuildPhase;
			buildActionMask = 2147483647;
			files = (
				3D1561491CE8A702002789C3 /* SecondViewController.swift in Sources */,
				3DCB998B1CE87F89004216B6 /* ViewController.swift in Sources */,
				3DCB99891CE87F89004216B6 /* AppDelegate.swift in Sources */,
				3D15614B1CE8A7C3002789C3 /* DetailViewController.swift in Sources */,
			);
			runOnlyForDeploymentPostprocessing = 0;
		};
		3DCB99951CE87F89004216B6 /* Sources */ = {
			isa = PBXSourcesBuildPhase;
			buildActionMask = 2147483647;
			files = (
				3DCB999E1CE87F89004216B6 /* NavigationDemoTests.swift in Sources */,
			);
			runOnlyForDeploymentPostprocessing = 0;
		};
		3DCB99A01CE87F89004216B6 /* Sources */ = {
			isa = PBXSourcesBuildPhase;
			buildActionMask = 2147483647;
			files = (
				3DCB99A91CE87F89004216B6 /* NavigationDemoUITests.swift in Sources */,
			);
			runOnlyForDeploymentPostprocessing = 0;
		};
/* End PBXSourcesBuildPhase section */

/* Begin PBXTargetDependency section */
		3DCB999B1CE87F89004216B6 /* PBXTargetDependency */ = {
			isa = PBXTargetDependency;
			target = 3DCB99841CE87F89004216B6 /* NavigationDemo */;
			targetProxy = 3DCB999A1CE87F89004216B6 /* PBXContainerItemProxy */;
		};
		3DCB99A61CE87F89004216B6 /* PBXTargetDependency */ = {
			isa = PBXTargetDependency;
			target = 3DCB99841CE87F89004216B6 /* NavigationDemo */;
			targetProxy = 3DCB99A51CE87F89004216B6 /* PBXContainerItemProxy */;
		};
/* End PBXTargetDependency section */

/* Begin PBXVariantGroup section */
		3DCB998C1CE87F89004216B6 /* Main.storyboard */ = {
			isa = PBXVariantGroup;
			children = (
				3DCB998D1CE87F89004216B6 /* Base */,
			);
			name = Main.storyboard;
			sourceTree = "<group>";
		};
		3DCB99911CE87F89004216B6 /* LaunchScreen.storyboard */ = {
			isa = PBXVariantGroup;
			children = (
				3DCB99921CE87F89004216B6 /* Base */,
			);
			name = LaunchScreen.storyboard;
			sourceTree = "<group>";
		};
/* End PBXVariantGroup section */

/* Begin XCBuildConfiguration section */
		3DCB99AB1CE87F89004216B6 /* Debug */ = {
			isa = XCBuildConfiguration;
			buildSettings = {
				ALWAYS_SEARCH_USER_PATHS = NO;
				CLANG_ANALYZER_NONNULL = YES;
				CLANG_CXX_LANGUAGE_STANDARD = "gnu++0x";
				CLANG_CXX_LIBRARY = "libc++";
				CLANG_ENABLE_MODULES = YES;
				CLANG_ENABLE_OBJC_ARC = YES;
				CLANG_WARN_BOOL_CONVERSION = YES;
				CLANG_WARN_CONSTANT_CONVERSION = YES;
				CLANG_WARN_DIRECT_OBJC_ISA_USAGE = YES_ERROR;
				CLANG_WARN_EMPTY_BODY = YES;
				CLANG_WARN_ENUM_CONVERSION = YES;
				CLANG_WARN_INT_CONVERSION = YES;
				CLANG_WARN_OBJC_ROOT_CLASS = YES_ERROR;
				CLANG_WARN_UNREACHABLE_CODE = YES;
				CLANG_WARN__DUPLICATE_METHOD_MATCH = YES;
				"CODE_SIGN_IDENTITY[sdk=iphoneos*]" = "iPhone Developer";
				COPY_PHASE_STRIP = NO;
				DEBUG_INFORMATION_FORMAT = dwarf;
				ENABLE_STRICT_OBJC_MSGSEND = YES;
				ENABLE_TESTABILITY = YES;
				GCC_C_LANGUAGE_STANDARD = gnu99;
				GCC_DYNAMIC_NO_PIC = NO;
				GCC_NO_COMMON_BLOCKS = YES;
				GCC_OPTIMIZATION_LEVEL = 0;
				GCC_PREPROCESSOR_DEFINITIONS = (
					"DEBUG=1",
					"$(inherited)",
				);
				GCC_WARN_64_TO_32_BIT_CONVERSION = YES;
				GCC_WARN_ABOUT_RETURN_TYPE = YES_ERROR;
				GCC_WARN_UNDECLARED_SELECTOR = YES;
				GCC_WARN_UNINITIALIZED_AUTOS = YES_AGGRESSIVE;
				GCC_WARN_UNUSED_FUNCTION = YES;
				GCC_WARN_UNUSED_VARIABLE = YES;
				IPHONEOS_DEPLOYMENT_TARGET = 9.3;
				MTL_ENABLE_DEBUG_INFO = YES;
				ONLY_ACTIVE_ARCH = YES;
				SDKROOT = iphoneos;
				SWIFT_OPTIMIZATION_LEVEL = "-Onone";
				TARGETED_DEVICE_FAMILY = "1,2";
			};
			name = Debug;
		};
		3DCB99AC1CE87F89004216B6 /* Release */ = {
			isa = XCBuildConfiguration;
			buildSettings = {
				ALWAYS_SEARCH_USER_PATHS = NO;
				CLANG_ANALYZER_NONNULL = YES;
				CLANG_CXX_LANGUAGE_STANDARD = "gnu++0x";
				CLANG_CXX_LIBRARY = "libc++";
				CLANG_ENABLE_MODULES = YES;
				CLANG_ENABLE_OBJC_ARC = YES;
				CLANG_WARN_BOOL_CONVERSION = YES;
				CLANG_WARN_CONSTANT_CONVERSION = YES;
				CLANG_WARN_DIRECT_OBJC_ISA_USAGE = YES_ERROR;
				CLANG_WARN_EMPTY_BODY = YES;
				CLANG_WARN_ENUM_CONVERSION = YES;
				CLANG_WARN_INT_CONVERSION = YES;
				CLANG_WARN_OBJC_ROOT_CLASS = YES_ERROR;
				CLANG_WARN_UNREACHABLE_CODE = YES;
				CLANG_WARN__DUPLICATE_METHOD_MATCH = YES;
				"CODE_SIGN_IDENTITY[sdk=iphoneos*]" = "iPhone Developer";
				COPY_PHASE_STRIP = NO;
				DEBUG_INFORMATION_FORMAT = "dwarf-with-dsym";
				ENABLE_NS_ASSERTIONS = NO;
				ENABLE_STRICT_OBJC_MSGSEND = YES;
				GCC_C_LANGUAGE_STANDARD = gnu99;
				GCC_NO_COMMON_BLOCKS = YES;
				GCC_WARN_64_TO_32_BIT_CONVERSION = YES;
				GCC_WARN_ABOUT_RETURN_TYPE = YES_ERROR;
				GCC_WARN_UNDECLARED_SELECTOR = YES;
				GCC_WARN_UNINITIALIZED_AUTOS = YES_AGGRESSIVE;
				GCC_WARN_UNUSED_FUNCTION = YES;
				GCC_WARN_UNUSED_VARIABLE = YES;
				IPHONEOS_DEPLOYMENT_TARGET = 9.3;
				MTL_ENABLE_DEBUG_INFO = NO;
				SDKROOT = iphoneos;
				TARGETED_DEVICE_FAMILY = "1,2";
				VALIDATE_PRODUCT = YES;
			};
			name = Release;
		};
		3DCB99AE1CE87F89004216B6 /* Debug */ = {
			isa = XCBuildConfiguration;
			buildSettings = {
				ASSETCATALOG_COMPILER_APPICON_NAME = AppIcon;
				INFOPLIST_FILE = NavigationDemo/Info.plist;
				LD_RUNPATH_SEARCH_PATHS = "$(inherited) @executable_path/Frameworks";
				PRODUCT_BUNDLE_IDENTIFIER = kr.ac.sogang.cscp2.prof.NavigationDemo;
				PRODUCT_NAME = "$(TARGET_NAME)";
			};
			name = Debug;
		};
		3DCB99AF1CE87F89004216B6 /* Release */ = {
			isa = XCBuildConfiguration;
			buildSettings = {
				ASSETCATALOG_COMPILER_APPICON_NAME = AppIcon;
				INFOPLIST_FILE = NavigationDemo/Info.plist;
				LD_RUNPATH_SEARCH_PATHS = "$(inherited) @executable_path/Frameworks";
				PRODUCT_BUNDLE_IDENTIFIER = kr.ac.sogang.cscp2.prof.NavigationDemo;
				PRODUCT_NAME = "$(TARGET_NAME)";
			};
			name = Release;
		};
		3DCB99B11CE87F89004216B6 /* Debug */ = {
			isa = XCBuildConfiguration;
			buildSettings = {
				BUNDLE_LOADER = "$(TEST_HOST)";
				INFOPLIST_FILE = NavigationDemoTests/Info.plist;
				LD_RUNPATH_SEARCH_PATHS = "$(inherited) @executable_path/Frameworks @loader_path/Frameworks";
				PRODUCT_BUNDLE_IDENTIFIER = kr.ac.sogang.cscp2.prof.NavigationDemoTests;
				PRODUCT_NAME = "$(TARGET_NAME)";
				TEST_HOST = "$(BUILT_PRODUCTS_DIR)/NavigationDemo.app/NavigationDemo";
			};
			name = Debug;
		};
		3DCB99B21CE87F89004216B6 /* Release */ = {
			isa = XCBuildConfiguration;
			buildSettings = {
				BUNDLE_LOADER = "$(TEST_HOST)";
				INFOPLIST_FILE = NavigationDemoTests/Info.plist;
				LD_RUNPATH_SEARCH_PATHS = "$(inherited) @executable_path/Frameworks @loader_path/Frameworks";
				PRODUCT_BUNDLE_IDENTIFIER = kr.ac.sogang.cscp2.prof.NavigationDemoTests;
				PRODUCT_NAME = "$(TARGET_NAME)";
				TEST_HOST = "$(BUILT_PRODUCTS_DIR)/NavigationDemo.app/NavigationDemo";
			};
			name = Release;
		};
		3DCB99B41CE87F89004216B6 /* Debug */ = {
			isa = XCBuildConfiguration;
			buildSettings = {
				INFOPLIST_FILE = NavigationDemoUITests/Info.plist;
				LD_RUNPATH_SEARCH_PATHS = "$(inherited) @executable_path/Frameworks @loader_path/Frameworks";
				PRODUCT_BUNDLE_IDENTIFIER = kr.ac.sogang.cscp2.prof.NavigationDemoUITests;
				PRODUCT_NAME = "$(TARGET_NAME)";
				TEST_TARGET_NAME = NavigationDemo;
			};
			name = Debug;
		};
		3DCB99B51CE87F89004216B6 /* Release */ = {
			isa = XCBuildConfiguration;
			buildSettings = {
				INFOPLIST_FILE = NavigationDemoUITests/Info.plist;
				LD_RUNPATH_SEARCH_PATHS = "$(inherited) @executable_path/Frameworks @loader_path/Frameworks";
				PRODUCT_BUNDLE_IDENTIFIER = kr.ac.sogang.cscp2.prof.NavigationDemoUITests;
				PRODUCT_NAME = "$(TARGET_NAME)";
				TEST_TARGET_NAME = NavigationDemo;
			};
			name = Release;
		};
/* End XCBuildConfiguration section */

/* Begin XCConfigurationList section */
		3DCB99801CE87F89004216B6 /* Build configuration list for PBXProject "NavigationDemo" */ = {
			isa = XCConfigurationList;
			buildConfigurations = (
				3DCB99AB1CE87F89004216B6 /* Debug */,
				3DCB99AC1CE87F89004216B6 /* Release */,
			);
			defaultConfigurationIsVisible = 0;
			defaultConfigurationName = Release;
		};
		3DCB99AD1CE87F89004216B6 /* Build configuration list for PBXNativeTarget "NavigationDemo" */ = {
			isa = XCConfigurationList;
			buildConfigurations = (
				3DCB99AE1CE87F89004216B6 /* Debug */,
				3DCB99AF1CE87F89004216B6 /* Release */,
			);
			defaultConfigurationIsVisible = 0;
			defaultConfigurationName = Release;
		};
		3DCB99B01CE87F89004216B6 /* Build configuration list for PBXNativeTarget "NavigationDemoTests" */ = {
			isa = XCConfigurationList;
			buildConfigurations = (
				3DCB99B11CE87F89004216B6 /* Debug */,
				3DCB99B21CE87F89004216B6 /* Release */,
			);
			defaultConfigurationIsVisible = 0;
			defaultConfigurationName = Release;
		};
		3DCB99B31CE87F89004216B6 /* Build configuration list for PBXNativeTarget "NavigationDemoUITests" */ = {
			isa = XCConfigurationList;
			buildConfigurations = (
				3DCB99B41CE87F89004216B6 /* Debug */,
				3DCB99B51CE87F89004216B6 /* Release */,
			);
			defaultConfigurationIsVisible = 0;
			defaultConfigurationName = Release;
		};
/* End XCConfigurationList section */
	};
	rootObject = 3DCB997D1CE87F89004216B6 /* Project object */;
}
